
Microsoft Visual Studio Solution File, Format Version 12.00
# Visual Studio Version 16
VisualStudioVersion = 16.0.31911.196
MinimumVisualStudioVersion = 10.0.40219.1
Project("{8BC9CEB8-8B4A-11D0-8D11-00A0C91BC942}") = "Scrabble_GUI", "Scrabble_GUI\Scrabble_GUI.vcxproj", "{DE46D057-864B-40A4-A72D-CDEE4EB9D4ED}"
EndProject
Global
	GlobalSection(SolutionConfigurationPlatforms) = preSolution
		Debug|x64 = Debug|x64
		Release|x64 = Release|x64
	EndGlobalSection
	GlobalSection(ProjectConfigurationPlatforms) = postSolution
		{DE46D057-864B-40A4-A72D-CDEE4EB9D4ED}.Debug|x64.ActiveCfg = Debug|x64
		{DE46D057-864B-40A4-A72D-CDEE4EB9D4ED}.Debug|x64.Build.0 = Debug|x64
		{DE46D057-864B-40A4-A72D-CDEE4EB9D4ED}.Release|x64.ActiveCfg = Release|x64
		{DE46D057-864B-40A4-A72D-CDEE4EB9D4ED}.Release|x64.Build.0 = Release|x64
	EndGlobalSection
	GlobalSection(SolutionProperties) = preSolution
		HideSolutionNode = FALSE
	EndGlobalSection
	GlobalSection(ExtensibilityGlobals) = postSolution
		SolutionGuid = {6B7F13DD-68FA-452B-8AC3-144D7E8D20DF}
	EndGlobalSection
EndGlobal
